
Microsoft Visual Studio Solution File, Format Version 12.00
# Visual Studio Version 17
VisualStudioVersion = 17.11.35222.181
MinimumVisualStudioVersion = 10.0.40219.1
Project("{FAE04EC0-301F-11D3-BF4B-00C04F79EFBC}") = "ServiciosBack", "ServiciosBack\ServiciosBack.csproj", "{5A585FC2-0F3A-46DE-B56D-CCC16B2D6D58}"
EndProject
Global
	GlobalSection(SolutionConfigurationPlatforms) = preSolution
		Debug|Any CPU = Debug|Any CPU
		Release|Any CPU = Release|Any CPU
	EndGlobalSection
	GlobalSection(ProjectConfigurationPlatforms) = postSolution
		{5A585FC2-0F3A-46DE-B56D-CCC16B2D6D58}.Debug|Any CPU.ActiveCfg = Debug|Any CPU
		{5A585FC2-0F3A-46DE-B56D-CCC16B2D6D58}.Debug|Any CPU.Build.0 = Debug|Any CPU
		{5A585FC2-0F3A-46DE-B56D-CCC16B2D6D58}.Release|Any CPU.ActiveCfg = Release|Any CPU
		{5A585FC2-0F3A-46DE-B56D-CCC16B2D6D58}.Release|Any CPU.Build.0 = Release|Any CPU
	EndGlobalSection
	GlobalSection(SolutionProperties) = preSolution
		HideSolutionNode = FALSE
	EndGlobalSection
	GlobalSection(ExtensibilityGlobals) = postSolution
		SolutionGuid = {B9084B16-A361-4598-8CE5-F1ABDEB2F60D}
	EndGlobalSection
EndGlobal
